// !$*UTF8*$!
{
	archiveVersion = 1;
	classes = {
	};
	objectVersion = 77;
	objects = {

/* Begin PBXBuildFile section */
		66D4189B2D63903A00098DCE /* AppDelegate.swift in Sources */ = {isa = PBXBuildFile; fileRef = 66D418932D63903A00098DCE /* AppDelegate.swift */; };
		66D4189C2D63903A00098DCE /* ChildCell.swift in Sources */ = {isa = PBXBuildFile; fileRef = 66D418952D63903A00098DCE /* ChildCell.swift */; };
		66D4189D2D63903A00098DCE /* HomeScreen .swift in Sources */ = {isa = PBXBuildFile; fileRef = 66D418962D63903A00098DCE /* HomeScreen .swift */; };
		66D4189E2D63903A00098DCE /* Model.swift in Sources */ = {isa = PBXBuildFile; fileRef = 66D418982D63903A00098DCE /* Model.swift */; };
		66D4189F2D63903A00098DCE /* PersonCell.swift in Sources */ = {isa = PBXBuildFile; fileRef = 66D418992D63903A00098DCE /* PersonCell.swift */; };
		66D418A02D63903A00098DCE /* Assets.xcassets in Resources */ = {isa = PBXBuildFile; fileRef = 66D418942D63903A00098DCE /* Assets.xcassets */; };
		66D418A32D63971300098DCE /* AddChildCell.swift in Sources */ = {isa = PBXBuildFile; fileRef = 66D418A22D63971300098DCE /* AddChildCell.swift */; };
		66D418B52D6461CB00098DCE /* AppColors.swift in Sources */ = {isa = PBXBuildFile; fileRef = 66D418B42D6461CB00098DCE /* AppColors.swift */; };
		66D418B72D64890600098DCE /* CustomTextField.swift in Sources */ = {isa = PBXBuildFile; fileRef = 66D418B62D64890600098DCE /* CustomTextField.swift */; };
		66D418BC2D64D57000098DCE /* UIView+Extension.swift in Sources */ = {isa = PBXBuildFile; fileRef = 66D418BB2D64D55B00098DCE /* UIView+Extension.swift */; };
		66D418BE2D64D70800098DCE /* UICollectionView+Extension.swift in Sources */ = {isa = PBXBuildFile; fileRef = 66D418BD2D64D70800098DCE /* UICollectionView+Extension.swift */; };
		66D418C02D65117900098DCE /* ClearButtonCell.swift in Sources */ = {isa = PBXBuildFile; fileRef = 66D418BF2D65116800098DCE /* ClearButtonCell.swift */; };
		66D418C22D65CA6D00098DCE /* LocalDataBase.swift in Sources */ = {isa = PBXBuildFile; fileRef = 66D418C12D65CA6D00098DCE /* LocalDataBase.swift */; };
		66D418C52D65CAA200098DCE /* CoreDataModel.xcdatamodeld in Sources */ = {isa = PBXBuildFile; fileRef = 66D418C32D65CAA200098DCE /* CoreDataModel.xcdatamodeld */; };
/* End PBXBuildFile section */

/* Begin PBXFileReference section */
		66D4183F2D637FA000098DCE /* cldrn_screen.app */ = {isa = PBXFileReference; explicitFileType = wrapper.application; includeInIndex = 0; path = cldrn_screen.app; sourceTree = BUILT_PRODUCTS_DIR; };
		66D418932D63903A00098DCE /* AppDelegate.swift */ = {isa = PBXFileReference; lastKnownFileType = sourcecode.swift; path = AppDelegate.swift; sourceTree = "<group>"; };
		66D418942D63903A00098DCE /* Assets.xcassets */ = {isa = PBXFileReference; lastKnownFileType = folder.assetcatalog; path = Assets.xcassets; sourceTree = "<group>"; };
		66D418952D63903A00098DCE /* ChildCell.swift */ = {isa = PBXFileReference; lastKnownFileType = sourcecode.swift; path = ChildCell.swift; sourceTree = "<group>"; };
		66D418962D63903A00098DCE /* HomeScreen .swift */ = {isa = PBXFileReference; lastKnownFileType = sourcecode.swift; path = "HomeScreen .swift"; sourceTree = "<group>"; };
		66D418972D63903A00098DCE /* Info.plist */ = {isa = PBXFileReference; lastKnownFileType = text.plist.xml; path = Info.plist; sourceTree = "<group>"; };
		66D418982D63903A00098DCE /* Model.swift */ = {isa = PBXFileReference; lastKnownFileType = sourcecode.swift; path = Model.swift; sourceTree = "<group>"; };
		66D418992D63903A00098DCE /* PersonCell.swift */ = {isa = PBXFileReference; lastKnownFileType = sourcecode.swift; path = PersonCell.swift; sourceTree = "<group>"; };
		66D418A22D63971300098DCE /* AddChildCell.swift */ = {isa = PBXFileReference; lastKnownFileType = sourcecode.swift; path = AddChildCell.swift; sourceTree = "<group>"; };
		66D418B42D6461CB00098DCE /* AppColors.swift */ = {isa = PBXFileReference; lastKnownFileType = sourcecode.swift; path = AppColors.swift; sourceTree = "<group>"; };
		66D418B62D64890600098DCE /* CustomTextField.swift */ = {isa = PBXFileReference; lastKnownFileType = sourcecode.swift; path = CustomTextField.swift; sourceTree = "<group>"; };
		66D418BB2D64D55B00098DCE /* UIView+Extension.swift */ = {isa = PBXFileReference; lastKnownFileType = sourcecode.swift; path = "UIView+Extension.swift"; sourceTree = "<group>"; };
		66D418BD2D64D70800098DCE /* UICollectionView+Extension.swift */ = {isa = PBXFileReference; lastKnownFileType = sourcecode.swift; path = "UICollectionView+Extension.swift"; sourceTree = "<group>"; };
		66D418BF2D65116800098DCE /* ClearButtonCell.swift */ = {isa = PBXFileReference; lastKnownFileType = sourcecode.swift; path = ClearButtonCell.swift; sourceTree = "<group>"; };
		66D418C12D65CA6D00098DCE /* LocalDataBase.swift */ = {isa = PBXFileReference; lastKnownFileType = sourcecode.swift; path = LocalDataBase.swift; sourceTree = "<group>"; };
		66D418C42D65CAA200098DCE /* CoreDataModel.xcdatamodel */ = {isa = PBXFileReference; lastKnownFileType = wrapper.xcdatamodel; path = CoreDataModel.xcdatamodel; sourceTree = "<group>"; };
/* End PBXFileReference section */

/* Begin PBXFrameworksBuildPhase section */
		66D4183C2D637FA000098DCE /* Frameworks */ = {
			isa = PBXFrameworksBuildPhase;
			buildActionMask = 2147483647;
			files = (
			);
			runOnlyForDeploymentPostprocessing = 0;
		};
/* End PBXFrameworksBuildPhase section */

/* Begin PBXGroup section */
		66D418362D637FA000098DCE = {
			isa = PBXGroup;
			children = (
				66D4189A2D63903A00098DCE /* cldrn_screen */,
				66D418402D637FA000098DCE /* Products */,
			);
			sourceTree = "<group>";
		};
		66D418402D637FA000098DCE /* Products */ = {
			isa = PBXGroup;
			children = (
				66D4183F2D637FA000098DCE /* cldrn_screen.app */,
			);
			name = Products;
			sourceTree = "<group>";
		};
		66D4189A2D63903A00098DCE /* cldrn_screen */ = {
			isa = PBXGroup;
			children = (
				66D418B42D6461CB00098DCE /* AppColors.swift */,
				66D418932D63903A00098DCE /* AppDelegate.swift */,
				66D418942D63903A00098DCE /* Assets.xcassets */,
				66D418962D63903A00098DCE /* HomeScreen .swift */,
				66D418972D63903A00098DCE /* Info.plist */,
				66D418982D63903A00098DCE /* Model.swift */,
				66D418992D63903A00098DCE /* PersonCell.swift */,
				66D418952D63903A00098DCE /* ChildCell.swift */,
				66D418A22D63971300098DCE /* AddChildCell.swift */,
				66D418BF2D65116800098DCE /* ClearButtonCell.swift */,
				66D418B62D64890600098DCE /* CustomTextField.swift */,
				66D418C32D65CAA200098DCE /* CoreDataModel.xcdatamodeld */,
				66D418C12D65CA6D00098DCE /* LocalDataBase.swift */,
				66D418BA2D64D54400098DCE /* Extensions */,
			);
			path = cldrn_screen;
			sourceTree = "<group>";
		};
		66D418BA2D64D54400098DCE /* Extensions */ = {
			isa = PBXGroup;
			children = (
				66D418BB2D64D55B00098DCE /* UIView+Extension.swift */,
				66D418BD2D64D70800098DCE /* UICollectionView+Extension.swift */,
			);
			path = Extensions;
			sourceTree = "<group>";
		};
/* End PBXGroup section */

/* Begin PBXNativeTarget section */
		66D4183E2D637FA000098DCE /* cldrn_screen */ = {
			isa = PBXNativeTarget;
			buildConfigurationList = 66D418522D637FA100098DCE /* Build configuration list for PBXNativeTarget "cldrn_screen" */;
			buildPhases = (
				66D4183B2D637FA000098DCE /* Sources */,
				66D4183C2D637FA000098DCE /* Frameworks */,
				66D4183D2D637FA000098DCE /* Resources */,
			);
			buildRules = (
			);
			dependencies = (
			);
			name = cldrn_screen;
			packageProductDependencies = (
			);
			productName = cldrn_screen;
			productReference = 66D4183F2D637FA000098DCE /* cldrn_screen.app */;
			productType = "com.apple.product-type.application";
		};
/* End PBXNativeTarget section */

/* Begin PBXProject section */
		66D418372D637FA000098DCE /* Project object */ = {
			isa = PBXProject;
			attributes = {
				BuildIndependentTargetsInParallel = 1;
				LastSwiftUpdateCheck = 1620;
				LastUpgradeCheck = 1620;
				TargetAttributes = {
					66D4183E2D637FA000098DCE = {
						CreatedOnToolsVersion = 16.2;
					};
				};
			};
			buildConfigurationList = 66D4183A2D637FA000098DCE /* Build configuration list for PBXProject "cldrn_screen" */;
			developmentRegion = en;
			hasScannedForEncodings = 0;
			knownRegions = (
				en,
				Base,
			);
			mainGroup = 66D418362D637FA000098DCE;
			minimizedProjectReferenceProxies = 1;
			preferredProjectObjectVersion = 77;
			productRefGroup = 66D418402D637FA000098DCE /* Products */;
			projectDirPath = "";
			projectRoot = "";
			targets = (
				66D4183E2D637FA000098DCE /* cldrn_screen */,
			);
		};
/* End PBXProject section */

/* Begin PBXResourcesBuildPhase section */
		66D4183D2D637FA000098DCE /* Resources */ = {
			isa = PBXResourcesBuildPhase;
			buildActionMask = 2147483647;
			files = (
				66D418A02D63903A00098DCE /* Assets.xcassets in Resources */,
			);
			runOnlyForDeploymentPostprocessing = 0;
		};
/* End PBXResourcesBuildPhase section */

/* Begin PBXSourcesBuildPhase section */
		66D4183B2D637FA000098DCE /* Sources */ = {
			isa = PBXSourcesBuildPhase;
			buildActionMask = 2147483647;
			files = (
				66D418A32D63971300098DCE /* AddChildCell.swift in Sources */,
				66D418BE2D64D70800098DCE /* UICollectionView+Extension.swift in Sources */,
				66D418B72D64890600098DCE /* CustomTextField.swift in Sources */,
				66D418C52D65CAA200098DCE /* CoreDataModel.xcdatamodeld in Sources */,
				66D4189B2D63903A00098DCE /* AppDelegate.swift in Sources */,
				66D4189C2D63903A00098DCE /* ChildCell.swift in Sources */,
				66D4189D2D63903A00098DCE /* HomeScreen .swift in Sources */,
				66D418C22D65CA6D00098DCE /* LocalDataBase.swift in Sources */,
				66D418B52D6461CB00098DCE /* AppColors.swift in Sources */,
				66D418C02D65117900098DCE /* ClearButtonCell.swift in Sources */,
				66D4189E2D63903A00098DCE /* Model.swift in Sources */,
				66D418BC2D64D57000098DCE /* UIView+Extension.swift in Sources */,
				66D4189F2D63903A00098DCE /* PersonCell.swift in Sources */,
			);
			runOnlyForDeploymentPostprocessing = 0;
		};
/* End PBXSourcesBuildPhase section */

/* Begin XCBuildConfiguration section */
		66D418532D637FA100098DCE /* Debug */ = {
			isa = XCBuildConfiguration;
			buildSettings = {
				ASSETCATALOG_COMPILER_APPICON_NAME = AppIcon;
				ASSETCATALOG_COMPILER_GLOBAL_ACCENT_COLOR_NAME = AccentColor;
				CODE_SIGN_STYLE = Automatic;
				CURRENT_PROJECT_VERSION = 1;
				DEVELOPMENT_TEAM = MD7BX59K88;
				GENERATE_INFOPLIST_FILE = YES;
				INFOPLIST_FILE = cldrn_screen/Info.plist;
				INFOPLIST_KEY_UIApplicationSupportsIndirectInputEvents = YES;
				INFOPLIST_KEY_UISupportedInterfaceOrientations_iPad = "UIInterfaceOrientationPortrait UIInterfaceOrientationPortraitUpsideDown UIInterfaceOrientationLandscapeLeft UIInterfaceOrientationLandscapeRight";
				INFOPLIST_KEY_UISupportedInterfaceOrientations_iPhone = "UIInterfaceOrientationPortrait UIInterfaceOrientationLandscapeLeft UIInterfaceOrientationLandscapeRight";
				IPHONEOS_DEPLOYMENT_TARGET = 15.6;
				LD_RUNPATH_SEARCH_PATHS = (
					"$(inherited)",
					"@executable_path/Frameworks",
				);
				MARKETING_VERSION = 1.0;
				PRODUCT_BUNDLE_IDENTIFIER = "com.georgymetsanurk.cldrn-screen";
				PRODUCT_NAME = "$(TARGET_NAME)";
				SWIFT_EMIT_LOC_STRINGS = YES;
				SWIFT_VERSION = 5.0;
				TARGETED_DEVICE_FAMILY = "1,2";
			};
			name = Debug;
		};
		66D418542D637FA100098DCE /* Release */ = {
			isa = XCBuildConfiguration;
			buildSettings = {
				ASSETCATALOG_COMPILER_APPICON_NAME = AppIcon;
				ASSETCATALOG_COMPILER_GLOBAL_ACCENT_COLOR_NAME = AccentColor;
				CODE_SIGN_STYLE = Automatic;
				CURRENT_PROJECT_VERSION = 1;
				DEVELOPMENT_TEAM = MD7BX59K88;
				GENERATE_INFOPLIST_FILE = YES;
				INFOPLIST_FILE = cldrn_screen/Info.plist;
				INFOPLIST_KEY_UIApplicationSupportsIndirectInputEvents = YES;
				INFOPLIST_KEY_UISupportedInterfaceOrientations_iPad = "UIInterfaceOrientationPortrait UIInterfaceOrientationPortraitUpsideDown UIInterfaceOrientationLandscapeLeft UIInterfaceOrientationLandscapeRight";
				INFOPLIST_KEY_UISupportedInterfaceOrientations_iPhone = "UIInterfaceOrientationPortrait UIInterfaceOrientationLandscapeLeft UIInterfaceOrientationLandscapeRight";
				IPHONEOS_DEPLOYMENT_TARGET = 15.6;
				LD_RUNPATH_SEARCH_PATHS = (
					"$(inherited)",
					"@executable_path/Frameworks",
				);
				MARKETING_VERSION = 1.0;
				PRODUCT_BUNDLE_IDENTIFIER = "com.georgymetsanurk.cldrn-screen";
				PRODUCT_NAME = "$(TARGET_NAME)";
				SWIFT_EMIT_LOC_STRINGS = YES;
				SWIFT_VERSION = 5.0;
				TARGETED_DEVICE_FAMILY = "1,2";
			};
			name = Release;
		};
		66D418552D637FA100098DCE /* Debug */ = {
			isa = XCBuildConfiguration;
			buildSettings = {
				ALWAYS_SEARCH_USER_PATHS = NO;
				ASSETCATALOG_COMPILER_GENERATE_SWIFT_ASSET_SYMBOL_EXTENSIONS = YES;
				CLANG_ANALYZER_NONNULL = YES;
				CLANG_ANALYZER_NUMBER_OBJECT_CONVERSION = YES_AGGRESSIVE;
				CLANG_CXX_LANGUAGE_STANDARD = "gnu++20";
				CLANG_ENABLE_MODULES = YES;
				CLANG_ENABLE_OBJC_ARC = YES;
				CLANG_ENABLE_OBJC_WEAK = YES;
				CLANG_WARN_BLOCK_CAPTURE_AUTORELEASING = YES;
				CLANG_WARN_BOOL_CONVERSION = YES;
				CLANG_WARN_COMMA = YES;
				CLANG_WARN_CONSTANT_CONVERSION = YES;
				CLANG_WARN_DEPRECATED_OBJC_IMPLEMENTATIONS = YES;
				CLANG_WARN_DIRECT_OBJC_ISA_USAGE = YES_ERROR;
				CLANG_WARN_DOCUMENTATION_COMMENTS = YES;
				CLANG_WARN_EMPTY_BODY = YES;
				CLANG_WARN_ENUM_CONVERSION = YES;
				CLANG_WARN_INFINITE_RECURSION = YES;
				CLANG_WARN_INT_CONVERSION = YES;
				CLANG_WARN_NON_LITERAL_NULL_CONVERSION = YES;
				CLANG_WARN_OBJC_IMPLICIT_RETAIN_SELF = YES;
				CLANG_WARN_OBJC_LITERAL_CONVERSION = YES;
				CLANG_WARN_OBJC_ROOT_CLASS = YES_ERROR;
				CLANG_WARN_QUOTED_INCLUDE_IN_FRAMEWORK_HEADER = YES;
				CLANG_WARN_RANGE_LOOP_ANALYSIS = YES;
				CLANG_WARN_STRICT_PROTOTYPES = YES;
				CLANG_WARN_SUSPICIOUS_MOVE = YES;
				CLANG_WARN_UNGUARDED_AVAILABILITY = YES_AGGRESSIVE;
				CLANG_WARN_UNREACHABLE_CODE = YES;
				CLANG_WARN__DUPLICATE_METHOD_MATCH = YES;
				COPY_PHASE_STRIP = NO;
				DEBUG_INFORMATION_FORMAT = dwarf;
				ENABLE_STRICT_OBJC_MSGSEND = YES;
				ENABLE_TESTABILITY = YES;
				ENABLE_USER_SCRIPT_SANDBOXING = YES;
				GCC_C_LANGUAGE_STANDARD = gnu17;
				GCC_DYNAMIC_NO_PIC = NO;
				GCC_NO_COMMON_BLOCKS = YES;
				GCC_OPTIMIZATION_LEVEL = 0;
				GCC_PREPROCESSOR_DEFINITIONS = (
					"DEBUG=1",
					"$(inherited)",
				);
				GCC_WARN_64_TO_32_BIT_CONVERSION = YES;
				GCC_WARN_ABOUT_RETURN_TYPE = YES_ERROR;
				GCC_WARN_UNDECLARED_SELECTOR = YES;
				GCC_WARN_UNINITIALIZED_AUTOS = YES_AGGRESSIVE;
				GCC_WARN_UNUSED_FUNCTION = YES;
				GCC_WARN_UNUSED_VARIABLE = YES;
				IPHONEOS_DEPLOYMENT_TARGET = 18.2;
				LOCALIZATION_PREFERS_STRING_CATALOGS = YES;
				MTL_ENABLE_DEBUG_INFO = INCLUDE_SOURCE;
				MTL_FAST_MATH = YES;
				ONLY_ACTIVE_ARCH = YES;
				SDKROOT = iphoneos;
				SWIFT_ACTIVE_COMPILATION_CONDITIONS = "DEBUG $(inherited)";
				SWIFT_OPTIMIZATION_LEVEL = "-Onone";
			};
			name = Debug;
		};
		66D418562D637FA100098DCE /* Release */ = {
			isa = XCBuildConfiguration;
			buildSettings = {
				ALWAYS_SEARCH_USER_PATHS = NO;
				ASSETCATALOG_COMPILER_GENERATE_SWIFT_ASSET_SYMBOL_EXTENSIONS = YES;
				CLANG_ANALYZER_NONNULL = YES;
				CLANG_ANALYZER_NUMBER_OBJECT_CONVERSION = YES_AGGRESSIVE;
				CLANG_CXX_LANGUAGE_STANDARD = "gnu++20";
				CLANG_ENABLE_MODULES = YES;
				CLANG_ENABLE_OBJC_ARC = YES;
				CLANG_ENABLE_OBJC_WEAK = YES;
				CLANG_WARN_BLOCK_CAPTURE_AUTORELEASING = YES;
				CLANG_WARN_BOOL_CONVERSION = YES;
				CLANG_WARN_COMMA = YES;
				CLANG_WARN_CONSTANT_CONVERSION = YES;
				CLANG_WARN_DEPRECATED_OBJC_IMPLEMENTATIONS = YES;
				CLANG_WARN_DIRECT_OBJC_ISA_USAGE = YES_ERROR;
				CLANG_WARN_DOCUMENTATION_COMMENTS = YES;
				CLANG_WARN_EMPTY_BODY = YES;
				CLANG_WARN_ENUM_CONVERSION = YES;
				CLANG_WARN_INFINITE_RECURSION = YES;
				CLANG_WARN_INT_CONVERSION = YES;
				CLANG_WARN_NON_LITERAL_NULL_CONVERSION = YES;
				CLANG_WARN_OBJC_IMPLICIT_RETAIN_SELF = YES;
				CLANG_WARN_OBJC_LITERAL_CONVERSION = YES;
				CLANG_WARN_OBJC_ROOT_CLASS = YES_ERROR;
				CLANG_WARN_QUOTED_INCLUDE_IN_FRAMEWORK_HEADER = YES;
				CLANG_WARN_RANGE_LOOP_ANALYSIS = YES;
				CLANG_WARN_STRICT_PROTOTYPES = YES;
				CLANG_WARN_SUSPICIOUS_MOVE = YES;
				CLANG_WARN_UNGUARDED_AVAILABILITY = YES_AGGRESSIVE;
				CLANG_WARN_UNREACHABLE_CODE = YES;
				CLANG_WARN__DUPLICATE_METHOD_MATCH = YES;
				COPY_PHASE_STRIP = NO;
				DEBUG_INFORMATION_FORMAT = "dwarf-with-dsym";
				ENABLE_NS_ASSERTIONS = NO;
				ENABLE_STRICT_OBJC_MSGSEND = YES;
				ENABLE_USER_SCRIPT_SANDBOXING = YES;
				GCC_C_LANGUAGE_STANDARD = gnu17;
				GCC_NO_COMMON_BLOCKS = YES;
				GCC_WARN_64_TO_32_BIT_CONVERSION = YES;
				GCC_WARN_ABOUT_RETURN_TYPE = YES_ERROR;
				GCC_WARN_UNDECLARED_SELECTOR = YES;
				GCC_WARN_UNINITIALIZED_AUTOS = YES_AGGRESSIVE;
				GCC_WARN_UNUSED_FUNCTION = YES;
				GCC_WARN_UNUSED_VARIABLE = YES;
				IPHONEOS_DEPLOYMENT_TARGET = 18.2;
				LOCALIZATION_PREFERS_STRING_CATALOGS = YES;
				MTL_ENABLE_DEBUG_INFO = NO;
				MTL_FAST_MATH = YES;
				SDKROOT = iphoneos;
				SWIFT_COMPILATION_MODE = wholemodule;
				VALIDATE_PRODUCT = YES;
			};
			name = Release;
		};
/* End XCBuildConfiguration section */

/* Begin XCConfigurationList section */
		66D4183A2D637FA000098DCE /* Build configuration list for PBXProject "cldrn_screen" */ = {
			isa = XCConfigurationList;
			buildConfigurations = (
				66D418552D637FA100098DCE /* Debug */,
				66D418562D637FA100098DCE /* Release */,
			);
			defaultConfigurationIsVisible = 0;
			defaultConfigurationName = Release;
		};
		66D418522D637FA100098DCE /* Build configuration list for PBXNativeTarget "cldrn_screen" */ = {
			isa = XCConfigurationList;
			buildConfigurations = (
				66D418532D637FA100098DCE /* Debug */,
				66D418542D637FA100098DCE /* Release */,
			);
			defaultConfigurationIsVisible = 0;
			defaultConfigurationName = Release;
		};
/* End XCConfigurationList section */

/* Begin XCVersionGroup section */
		66D418C32D65CAA200098DCE /* CoreDataModel.xcdatamodeld */ = {
			isa = XCVersionGroup;
			children = (
				66D418C42D65CAA200098DCE /* CoreDataModel.xcdatamodel */,
			);
			currentVersion = 66D418C42D65CAA200098DCE /* CoreDataModel.xcdatamodel */;
			path = CoreDataModel.xcdatamodeld;
			sourceTree = "<group>";
			versionGroupType = wrapper.xcdatamodel;
		};
/* End XCVersionGroup section */
	};
	rootObject = 66D418372D637FA000098DCE /* Project object */;
}
